
Microsoft Visual Studio Solution File, Format Version 12.00
# Visual Studio Version 17
VisualStudioVersion = 17.8.34330.188
MinimumVisualStudioVersion = 10.0.40219.1
Project("{FAE04EC0-301F-11D3-BF4B-00C04F79EFBC}") = "school_managment_system_backend", "school_managment_system_backend.csproj", "{C0896233-827D-41EB-9F3D-27AB67D6DA1F}"
EndProject
Global
	GlobalSection(SolutionConfigurationPlatforms) = preSolution
		Debug|Any CPU = Debug|Any CPU
		Release|Any CPU = Release|Any CPU
	EndGlobalSection
	GlobalSection(ProjectConfigurationPlatforms) = postSolution
		{C0896233-827D-41EB-9F3D-27AB67D6DA1F}.Debug|Any CPU.ActiveCfg = Debug|Any CPU
		{C0896233-827D-41EB-9F3D-27AB67D6DA1F}.Debug|Any CPU.Build.0 = Debug|Any CPU
		{C0896233-827D-41EB-9F3D-27AB67D6DA1F}.Release|Any CPU.ActiveCfg = Release|Any CPU
		{C0896233-827D-41EB-9F3D-27AB67D6DA1F}.Release|Any CPU.Build.0 = Release|Any CPU
	EndGlobalSection
	GlobalSection(SolutionProperties) = preSolution
		HideSolutionNode = FALSE
	EndGlobalSection
	GlobalSection(ExtensibilityGlobals) = postSolution
		SolutionGuid = {9E7C69D5-D64B-4333-82E5-701B28207DA1}
	EndGlobalSection
EndGlobal
